
Microsoft Visual Studio Solution File, Format Version 12.00
# Visual Studio Version 17
VisualStudioVersion = 17.10.35013.160
MinimumVisualStudioVersion = 10.0.40219.1
Project("{FAE04EC0-301F-11D3-BF4B-00C04F79EFBC}") = "LearnLinq", "LearnLinq\LearnLinq.csproj", "{56B9C2B0-F397-4E16-9D31-553071EA0C77}"
EndProject
Project("{FAE04EC0-301F-11D3-BF4B-00C04F79EFBC}") = "LearnLinq.Models", "LearnLinq.Models\LearnLinq.Models.csproj", "{3316DE80-E362-4BCD-8FCF-ABAE066FF107}"
EndProject
Global
	GlobalSection(SolutionConfigurationPlatforms) = preSolution
		Debug|Any CPU = Debug|Any CPU
		Release|Any CPU = Release|Any CPU
	EndGlobalSection
	GlobalSection(ProjectConfigurationPlatforms) = postSolution
		{56B9C2B0-F397-4E16-9D31-553071EA0C77}.Debug|Any CPU.ActiveCfg = Debug|Any CPU
		{56B9C2B0-F397-4E16-9D31-553071EA0C77}.Debug|Any CPU.Build.0 = Debug|Any CPU
		{56B9C2B0-F397-4E16-9D31-553071EA0C77}.Release|Any CPU.ActiveCfg = Release|Any CPU
		{56B9C2B0-F397-4E16-9D31-553071EA0C77}.Release|Any CPU.Build.0 = Release|Any CPU
		{3316DE80-E362-4BCD-8FCF-ABAE066FF107}.Debug|Any CPU.ActiveCfg = Debug|Any CPU
		{3316DE80-E362-4BCD-8FCF-ABAE066FF107}.Debug|Any CPU.Build.0 = Debug|Any CPU
		{3316DE80-E362-4BCD-8FCF-ABAE066FF107}.Release|Any CPU.ActiveCfg = Release|Any CPU
		{3316DE80-E362-4BCD-8FCF-ABAE066FF107}.Release|Any CPU.Build.0 = Release|Any CPU
	EndGlobalSection
	GlobalSection(SolutionProperties) = preSolution
		HideSolutionNode = FALSE
	EndGlobalSection
	GlobalSection(ExtensibilityGlobals) = postSolution
		SolutionGuid = {28C84415-E210-47F9-9C2D-28EBC676B811}
	EndGlobalSection
EndGlobal
